
Microsoft Visual Studio Solution File, Format Version 12.00
# Visual Studio Version 17
VisualStudioVersion = 17.5.33424.131
MinimumVisualStudioVersion = 10.0.40219.1
Project("{FAE04EC0-301F-11D3-BF4B-00C04F79EFBC}") = "A1", "A1\A1.csproj", "{ECC6F287-6B88-4763-AA92-A0A5D1CFDC49}"
EndProject
Global
	GlobalSection(SolutionConfigurationPlatforms) = preSolution
		Debug|Any CPU = Debug|Any CPU
		Release|Any CPU = Release|Any CPU
	EndGlobalSection
	GlobalSection(ProjectConfigurationPlatforms) = postSolution
		{ECC6F287-6B88-4763-AA92-A0A5D1CFDC49}.Debug|Any CPU.ActiveCfg = Debug|Any CPU
		{ECC6F287-6B88-4763-AA92-A0A5D1CFDC49}.Debug|Any CPU.Build.0 = Debug|Any CPU
		{ECC6F287-6B88-4763-AA92-A0A5D1CFDC49}.Release|Any CPU.ActiveCfg = Release|Any CPU
		{ECC6F287-6B88-4763-AA92-A0A5D1CFDC49}.Release|Any CPU.Build.0 = Release|Any CPU
	EndGlobalSection
	GlobalSection(SolutionProperties) = preSolution
		HideSolutionNode = FALSE
	EndGlobalSection
	GlobalSection(ExtensibilityGlobals) = postSolution
		SolutionGuid = {4AFF6DF0-38C5-48A9-9015-24893398723A}
	EndGlobalSection
EndGlobal
